// !$*UTF8*$!
{
	archiveVersion = 1;
	classes = {
	};
	objectVersion = 46;
	objects = {

/* Begin PBXBuildFile section */
		22C94FA01B87795700D29ED0 /* main.m in Sources */ = {isa = PBXBuildFile; fileRef = 22C94F9F1B87795700D29ED0 /* main.m */; };
		22C94FA31B87795700D29ED0 /* AppDelegate.m in Sources */ = {isa = PBXBuildFile; fileRef = 22C94FA21B87795700D29ED0 /* AppDelegate.m */; };
		22C94FA91B87795700D29ED0 /* Main.storyboard in Resources */ = {isa = PBXBuildFile; fileRef = 22C94FA71B87795700D29ED0 /* Main.storyboard */; };
		22C94FAB1B87795700D29ED0 /* Images.xcassets in Resources */ = {isa = PBXBuildFile; fileRef = 22C94FAA1B87795700D29ED0 /* Images.xcassets */; };
		22C94FAE1B87795700D29ED0 /* LaunchScreen.xib in Resources */ = {isa = PBXBuildFile; fileRef = 22C94FAC1B87795700D29ED0 /* LaunchScreen.xib */; };
		22C94FBA1B87795700D29ED0 /* DynamicPOIMarkersTests.m in Sources */ = {isa = PBXBuildFile; fileRef = 22C94FB91B87795700D29ED0 /* DynamicPOIMarkersTests.m */; };
		22C94FC51B8779D900D29ED0 /* MainViewController.m in Sources */ = {isa = PBXBuildFile; fileRef = 22C94FC41B8779D900D29ED0 /* MainViewController.m */; };
		22C94FC71B877A0B00D29ED0 /* LocusLabsSDK.bundle in Resources */ = {isa = PBXBuildFile; fileRef = 22C94FC61B877A0B00D29ED0 /* LocusLabsSDK.bundle */; };
		22C94FC91B877A4300D29ED0 /* LocusLabsSDK.framework in Frameworks */ = {isa = PBXBuildFile; fileRef = 22C94FC81B877A4300D29ED0 /* LocusLabsSDK.framework */; };
		22C94FD31B87801C00D29ED0 /* restroom.png in Resources */ = {isa = PBXBuildFile; fileRef = 22C94FD01B87801C00D29ED0 /* restroom.png */; };
		22C94FD41B87801C00D29ED0 /* starbucks-unselected.png in Resources */ = {isa = PBXBuildFile; fileRef = 22C94FD11B87801C00D29ED0 /* starbucks-unselected.png */; };
		22C94FD51B87801C00D29ED0 /* starbucks-selected.png in Resources */ = {isa = PBXBuildFile; fileRef = 22C94FD21B87801C00D29ED0 /* starbucks-selected.png */; };
		4CA5845A1C1FDCC50065E872 /* SystemConfiguration.framework in Frameworks */ = {isa = PBXBuildFile; fileRef = 4CA584591C1FDCC50065E872 /* SystemConfiguration.framework */; };
		ECA67DF81F578AC1001A8A21 /* WebKit.framework in Frameworks */ = {isa = PBXBuildFile; fileRef = ECA67DF71F578AC1001A8A21 /* WebKit.framework */; };
/* End PBXBuildFile section */

/* Begin PBXContainerItemProxy section */
		22C94FB41B87795700D29ED0 /* PBXContainerItemProxy */ = {
			isa = PBXContainerItemProxy;
			containerPortal = 22C94F921B87795700D29ED0 /* Project object */;
			proxyType = 1;
			remoteGlobalIDString = 22C94F991B87795700D29ED0;
			remoteInfo = DynamicPOIMarkers;
		};
/* End PBXContainerItemProxy section */

/* Begin PBXFileReference section */
		22C94F9A1B87795700D29ED0 /* DynamicPOIMarkers.app */ = {isa = PBXFileReference; explicitFileType = wrapper.application; includeInIndex = 0; path = DynamicPOIMarkers.app; sourceTree = BUILT_PRODUCTS_DIR; };
		22C94F9E1B87795700D29ED0 /* Info.plist */ = {isa = PBXFileReference; lastKnownFileType = text.plist.xml; path = Info.plist; sourceTree = "<group>"; };
		22C94F9F1B87795700D29ED0 /* main.m */ = {isa = PBXFileReference; lastKnownFileType = sourcecode.c.objc; path = main.m; sourceTree = "<group>"; };
		22C94FA11B87795700D29ED0 /* AppDelegate.h */ = {isa = PBXFileReference; lastKnownFileType = sourcecode.c.h; path = AppDelegate.h; sourceTree = "<group>"; };
		22C94FA21B87795700D29ED0 /* AppDelegate.m */ = {isa = PBXFileReference; lastKnownFileType = sourcecode.c.objc; path = AppDelegate.m; sourceTree = "<group>"; };
		22C94FA81B87795700D29ED0 /* Base */ = {isa = PBXFileReference; lastKnownFileType = file.storyboard; name = Base; path = Base.lproj/Main.storyboard; sourceTree = "<group>"; };
		22C94FAA1B87795700D29ED0 /* Images.xcassets */ = {isa = PBXFileReference; lastKnownFileType = folder.assetcatalog; path = Images.xcassets; sourceTree = "<group>"; };
		22C94FAD1B87795700D29ED0 /* Base */ = {isa = PBXFileReference; lastKnownFileType = file.xib; name = Base; path = Base.lproj/LaunchScreen.xib; sourceTree = "<group>"; };
		22C94FB31B87795700D29ED0 /* DynamicPOIMarkersTests.xctest */ = {isa = PBXFileReference; explicitFileType = wrapper.cfbundle; includeInIndex = 0; path = DynamicPOIMarkersTests.xctest; sourceTree = BUILT_PRODUCTS_DIR; };
		22C94FB81B87795700D29ED0 /* Info.plist */ = {isa = PBXFileReference; lastKnownFileType = text.plist.xml; path = Info.plist; sourceTree = "<group>"; };
		22C94FB91B87795700D29ED0 /* DynamicPOIMarkersTests.m */ = {isa = PBXFileReference; lastKnownFileType = sourcecode.c.objc; path = DynamicPOIMarkersTests.m; sourceTree = "<group>"; };
		22C94FC31B8779D900D29ED0 /* MainViewController.h */ = {isa = PBXFileReference; fileEncoding = 4; lastKnownFileType = sourcecode.c.h; path = MainViewController.h; sourceTree = "<group>"; };
		22C94FC41B8779D900D29ED0 /* MainViewController.m */ = {isa = PBXFileReference; fileEncoding = 4; lastKnownFileType = sourcecode.c.objc; path = MainViewController.m; sourceTree = "<group>"; };
		22C94FC61B877A0B00D29ED0 /* LocusLabsSDK.bundle */ = {isa = PBXFileReference; lastKnownFileType = "wrapper.plug-in"; name = LocusLabsSDK.bundle; path = ../../LocusLabsSDK.bundle; sourceTree = "<group>"; };
		22C94FC81B877A4300D29ED0 /* LocusLabsSDK.framework */ = {isa = PBXFileReference; lastKnownFileType = wrapper.framework; name = LocusLabsSDK.framework; path = ../../LocusLabsSDK.framework; sourceTree = "<group>"; };
		22C94FD01B87801C00D29ED0 /* restroom.png */ = {isa = PBXFileReference; lastKnownFileType = image.png; path = restroom.png; sourceTree = "<group>"; };
		22C94FD11B87801C00D29ED0 /* starbucks-unselected.png */ = {isa = PBXFileReference; lastKnownFileType = image.png; path = "starbucks-unselected.png"; sourceTree = "<group>"; };
		22C94FD21B87801C00D29ED0 /* starbucks-selected.png */ = {isa = PBXFileReference; lastKnownFileType = image.png; path = "starbucks-selected.png"; sourceTree = "<group>"; };
		4CA584591C1FDCC50065E872 /* SystemConfiguration.framework */ = {isa = PBXFileReference; lastKnownFileType = wrapper.framework; name = SystemConfiguration.framework; path = System/Library/Frameworks/SystemConfiguration.framework; sourceTree = SDKROOT; };
		ECA67DF71F578AC1001A8A21 /* WebKit.framework */ = {isa = PBXFileReference; lastKnownFileType = wrapper.framework; name = WebKit.framework; path = System/Library/Frameworks/WebKit.framework; sourceTree = SDKROOT; };
/* End PBXFileReference section */

/* Begin PBXFrameworksBuildPhase section */
		22C94F971B87795700D29ED0 /* Frameworks */ = {
			isa = PBXFrameworksBuildPhase;
			buildActionMask = 2147483647;
			files = (
				ECA67DF81F578AC1001A8A21 /* WebKit.framework in Frameworks */,
				4CA5845A1C1FDCC50065E872 /* SystemConfiguration.framework in Frameworks */,
				22C94FC91B877A4300D29ED0 /* LocusLabsSDK.framework in Frameworks */,
			);
			runOnlyForDeploymentPostprocessing = 0;
		};
		22C94FB01B87795700D29ED0 /* Frameworks */ = {
			isa = PBXFrameworksBuildPhase;
			buildActionMask = 2147483647;
			files = (
			);
			runOnlyForDeploymentPostprocessing = 0;
		};
/* End PBXFrameworksBuildPhase section */

/* Begin PBXGroup section */
		22C94F911B87795700D29ED0 = {
			isa = PBXGroup;
			children = (
				4CA584591C1FDCC50065E872 /* SystemConfiguration.framework */,
				22C94F9C1B87795700D29ED0 /* DynamicPOIMarkers */,
				22C94FB61B87795700D29ED0 /* DynamicPOIMarkersTests */,
				22C94F9B1B87795700D29ED0 /* Products */,
				22C94FC81B877A4300D29ED0 /* LocusLabsSDK.framework */,
				22C94FC61B877A0B00D29ED0 /* LocusLabsSDK.bundle */,
				ECA67DF61F578AC1001A8A21 /* Frameworks */,
			);
			sourceTree = "<group>";
		};
		22C94F9B1B87795700D29ED0 /* Products */ = {
			isa = PBXGroup;
			children = (
				22C94F9A1B87795700D29ED0 /* DynamicPOIMarkers.app */,
				22C94FB31B87795700D29ED0 /* DynamicPOIMarkersTests.xctest */,
			);
			name = Products;
			sourceTree = "<group>";
		};
		22C94F9C1B87795700D29ED0 /* DynamicPOIMarkers */ = {
			isa = PBXGroup;
			children = (
				22C94FD01B87801C00D29ED0 /* restroom.png */,
				22C94FD11B87801C00D29ED0 /* starbucks-unselected.png */,
				22C94FD21B87801C00D29ED0 /* starbucks-selected.png */,
				22C94FA11B87795700D29ED0 /* AppDelegate.h */,
				22C94FA21B87795700D29ED0 /* AppDelegate.m */,
				22C94FC31B8779D900D29ED0 /* MainViewController.h */,
				22C94FC41B8779D900D29ED0 /* MainViewController.m */,
				22C94FA71B87795700D29ED0 /* Main.storyboard */,
				22C94FAA1B87795700D29ED0 /* Images.xcassets */,
				22C94FAC1B87795700D29ED0 /* LaunchScreen.xib */,
				22C94F9D1B87795700D29ED0 /* Supporting Files */,
			);
			path = DynamicPOIMarkers;
			sourceTree = "<group>";
		};
		22C94F9D1B87795700D29ED0 /* Supporting Files */ = {
			isa = PBXGroup;
			children = (
				22C94F9E1B87795700D29ED0 /* Info.plist */,
				22C94F9F1B87795700D29ED0 /* main.m */,
			);
			name = "Supporting Files";
			sourceTree = "<group>";
		};
		22C94FB61B87795700D29ED0 /* DynamicPOIMarkersTests */ = {
			isa = PBXGroup;
			children = (
				22C94FB91B87795700D29ED0 /* DynamicPOIMarkersTests.m */,
				22C94FB71B87795700D29ED0 /* Supporting Files */,
			);
			path = DynamicPOIMarkersTests;
			sourceTree = "<group>";
		};
		22C94FB71B87795700D29ED0 /* Supporting Files */ = {
			isa = PBXGroup;
			children = (
				22C94FB81B87795700D29ED0 /* Info.plist */,
			);
			name = "Supporting Files";
			sourceTree = "<group>";
		};
		ECA67DF61F578AC1001A8A21 /* Frameworks */ = {
			isa = PBXGroup;
			children = (
				ECA67DF71F578AC1001A8A21 /* WebKit.framework */,
			);
			name = Frameworks;
			sourceTree = "<group>";
		};
/* End PBXGroup section */

/* Begin PBXNativeTarget section */
		22C94F991B87795700D29ED0 /* DynamicPOIMarkers */ = {
			isa = PBXNativeTarget;
			buildConfigurationList = 22C94FBD1B87795700D29ED0 /* Build configuration list for PBXNativeTarget "DynamicPOIMarkers" */;
			buildPhases = (
				22C94F961B87795700D29ED0 /* Sources */,
				22C94F971B87795700D29ED0 /* Frameworks */,
				22C94F981B87795700D29ED0 /* Resources */,
			);
			buildRules = (
			);
			dependencies = (
			);
			name = DynamicPOIMarkers;
			productName = DynamicPOIMarkers;
			productReference = 22C94F9A1B87795700D29ED0 /* DynamicPOIMarkers.app */;
			productType = "com.apple.product-type.application";
		};
		22C94FB21B87795700D29ED0 /* DynamicPOIMarkersTests */ = {
			isa = PBXNativeTarget;
			buildConfigurationList = 22C94FC01B87795700D29ED0 /* Build configuration list for PBXNativeTarget "DynamicPOIMarkersTests" */;
			buildPhases = (
				22C94FAF1B87795700D29ED0 /* Sources */,
				22C94FB01B87795700D29ED0 /* Frameworks */,
				22C94FB11B87795700D29ED0 /* Resources */,
			);
			buildRules = (
			);
			dependencies = (
				22C94FB51B87795700D29ED0 /* PBXTargetDependency */,
			);
			name = DynamicPOIMarkersTests;
			productName = DynamicPOIMarkersTests;
			productReference = 22C94FB31B87795700D29ED0 /* DynamicPOIMarkersTests.xctest */;
			productType = "com.apple.product-type.bundle.unit-test";
		};
/* End PBXNativeTarget section */

/* Begin PBXProject section */
		22C94F921B87795700D29ED0 /* Project object */ = {
			isa = PBXProject;
			attributes = {
				LastUpgradeCheck = 0640;
				ORGANIZATIONNAME = LocusLabs;
				TargetAttributes = {
					22C94F991B87795700D29ED0 = {
						CreatedOnToolsVersion = 6.4;
					};
					22C94FB21B87795700D29ED0 = {
						CreatedOnToolsVersion = 6.4;
						TestTargetID = 22C94F991B87795700D29ED0;
					};
				};
			};
			buildConfigurationList = 22C94F951B87795700D29ED0 /* Build configuration list for PBXProject "DynamicPOIMarkers" */;
			compatibilityVersion = "Xcode 3.2";
			developmentRegion = English;
			hasScannedForEncodings = 0;
			knownRegions = (
				en,
				Base,
			);
			mainGroup = 22C94F911B87795700D29ED0;
			productRefGroup = 22C94F9B1B87795700D29ED0 /* Products */;
			projectDirPath = "";
			projectRoot = "";
			targets = (
				22C94F991B87795700D29ED0 /* DynamicPOIMarkers */,
				22C94FB21B87795700D29ED0 /* DynamicPOIMarkersTests */,
			);
		};
/* End PBXProject section */

/* Begin PBXResourcesBuildPhase section */
		22C94F981B87795700D29ED0 /* Resources */ = {
			isa = PBXResourcesBuildPhase;
			buildActionMask = 2147483647;
			files = (
				22C94FD31B87801C00D29ED0 /* restroom.png in Resources */,
				22C94FA91B87795700D29ED0 /* Main.storyboard in Resources */,
				22C94FD41B87801C00D29ED0 /* starbucks-unselected.png in Resources */,
				22C94FC71B877A0B00D29ED0 /* LocusLabsSDK.bundle in Resources */,
				22C94FD51B87801C00D29ED0 /* starbucks-selected.png in Resources */,
				22C94FAE1B87795700D29ED0 /* LaunchScreen.xib in Resources */,
				22C94FAB1B87795700D29ED0 /* Images.xcassets in Resources */,
			);
			runOnlyForDeploymentPostprocessing = 0;
		};
		22C94FB11B87795700D29ED0 /* Resources */ = {
			isa = PBXResourcesBuildPhase;
			buildActionMask = 2147483647;
			files = (
			);
			runOnlyForDeploymentPostprocessing = 0;
		};
/* End PBXResourcesBuildPhase section */

/* Begin PBXSourcesBuildPhase section */
		22C94F961B87795700D29ED0 /* Sources */ = {
			isa = PBXSourcesBuildPhase;
			buildActionMask = 2147483647;
			files = (
				22C94FA31B87795700D29ED0 /* AppDelegate.m in Sources */,
				22C94FC51B8779D900D29ED0 /* MainViewController.m in Sources */,
				22C94FA01B87795700D29ED0 /* main.m in Sources */,
			);
			runOnlyForDeploymentPostprocessing = 0;
		};
		22C94FAF1B87795700D29ED0 /* Sources */ = {
			isa = PBXSourcesBuildPhase;
			buildActionMask = 2147483647;
			files = (
				22C94FBA1B87795700D29ED0 /* DynamicPOIMarkersTests.m in Sources */,
			);
			runOnlyForDeploymentPostprocessing = 0;
		};
/* End PBXSourcesBuildPhase section */

/* Begin PBXTargetDependency section */
		22C94FB51B87795700D29ED0 /* PBXTargetDependency */ = {
			isa = PBXTargetDependency;
			target = 22C94F991B87795700D29ED0 /* DynamicPOIMarkers */;
			targetProxy = 22C94FB41B87795700D29ED0 /* PBXContainerItemProxy */;
		};
/* End PBXTargetDependency section */

/* Begin PBXVariantGroup section */
		22C94FA71B87795700D29ED0 /* Main.storyboard */ = {
			isa = PBXVariantGroup;
			children = (
				22C94FA81B87795700D29ED0 /* Base */,
			);
			name = Main.storyboard;
			sourceTree = "<group>";
		};
		22C94FAC1B87795700D29ED0 /* LaunchScreen.xib */ = {
			isa = PBXVariantGroup;
			children = (
				22C94FAD1B87795700D29ED0 /* Base */,
			);
			name = LaunchScreen.xib;
			sourceTree = "<group>";
		};
/* End PBXVariantGroup section */

/* Begin XCBuildConfiguration section */
		22C94FBB1B87795700D29ED0 /* Debug */ = {
			isa = XCBuildConfiguration;
			buildSettings = {
				ALWAYS_SEARCH_USER_PATHS = NO;
				CLANG_CXX_LANGUAGE_STANDARD = "gnu++0x";
				CLANG_CXX_LIBRARY = "libc++";
				CLANG_ENABLE_MODULES = YES;
				CLANG_ENABLE_OBJC_ARC = YES;
				CLANG_WARN_BOOL_CONVERSION = YES;
				CLANG_WARN_CONSTANT_CONVERSION = YES;
				CLANG_WARN_DIRECT_OBJC_ISA_USAGE = YES_ERROR;
				CLANG_WARN_EMPTY_BODY = YES;
				CLANG_WARN_ENUM_CONVERSION = YES;
				CLANG_WARN_INT_CONVERSION = YES;
				CLANG_WARN_OBJC_ROOT_CLASS = YES_ERROR;
				CLANG_WARN_UNREACHABLE_CODE = YES;
				CLANG_WARN__DUPLICATE_METHOD_MATCH = YES;
				"CODE_SIGN_IDENTITY[sdk=iphoneos*]" = "iPhone Developer";
				COPY_PHASE_STRIP = NO;
				DEBUG_INFORMATION_FORMAT = "dwarf-with-dsym";
				ENABLE_STRICT_OBJC_MSGSEND = YES;
				GCC_C_LANGUAGE_STANDARD = gnu99;
				GCC_DYNAMIC_NO_PIC = NO;
				GCC_NO_COMMON_BLOCKS = YES;
				GCC_OPTIMIZATION_LEVEL = 0;
				GCC_PREPROCESSOR_DEFINITIONS = (
					"DEBUG=1",
					"$(inherited)",
				);
				GCC_SYMBOLS_PRIVATE_EXTERN = NO;
				GCC_WARN_64_TO_32_BIT_CONVERSION = YES;
				GCC_WARN_ABOUT_RETURN_TYPE = YES_ERROR;
				GCC_WARN_UNDECLARED_SELECTOR = YES;
				GCC_WARN_UNINITIALIZED_AUTOS = YES_AGGRESSIVE;
				GCC_WARN_UNUSED_FUNCTION = YES;
				GCC_WARN_UNUSED_VARIABLE = YES;
				IPHONEOS_DEPLOYMENT_TARGET = 8.0;
				MTL_ENABLE_DEBUG_INFO = YES;
				ONLY_ACTIVE_ARCH = YES;
				SDKROOT = iphoneos;
			};
			name = Debug;
		};
		22C94FBC1B87795700D29ED0 /* Release */ = {
			isa = XCBuildConfiguration;
			buildSettings = {
				ALWAYS_SEARCH_USER_PATHS = NO;
				CLANG_CXX_LANGUAGE_STANDARD = "gnu++0x";
				CLANG_CXX_LIBRARY = "libc++";
				CLANG_ENABLE_MODULES = YES;
				CLANG_ENABLE_OBJC_ARC = YES;
				CLANG_WARN_BOOL_CONVERSION = YES;
				CLANG_WARN_CONSTANT_CONVERSION = YES;
				CLANG_WARN_DIRECT_OBJC_ISA_USAGE = YES_ERROR;
				CLANG_WARN_EMPTY_BODY = YES;
				CLANG_WARN_ENUM_CONVERSION = YES;
				CLANG_WARN_INT_CONVERSION = YES;
				CLANG_WARN_OBJC_ROOT_CLASS = YES_ERROR;
				CLANG_WARN_UNREACHABLE_CODE = YES;
				CLANG_WARN__DUPLICATE_METHOD_MATCH = YES;
				"CODE_SIGN_IDENTITY[sdk=iphoneos*]" = "iPhone Developer";
				COPY_PHASE_STRIP = NO;
				DEBUG_INFORMATION_FORMAT = "dwarf-with-dsym";
				ENABLE_NS_ASSERTIONS = NO;
				ENABLE_STRICT_OBJC_MSGSEND = YES;
				GCC_C_LANGUAGE_STANDARD = gnu99;
				GCC_NO_COMMON_BLOCKS = YES;
				GCC_WARN_64_TO_32_BIT_CONVERSION = YES;
				GCC_WARN_ABOUT_RETURN_TYPE = YES_ERROR;
				GCC_WARN_UNDECLARED_SELECTOR = YES;
				GCC_WARN_UNINITIALIZED_AUTOS = YES_AGGRESSIVE;
				GCC_WARN_UNUSED_FUNCTION = YES;
				GCC_WARN_UNUSED_VARIABLE = YES;
				IPHONEOS_DEPLOYMENT_TARGET = 8.0;
				MTL_ENABLE_DEBUG_INFO = NO;
				SDKROOT = iphoneos;
				VALIDATE_PRODUCT = YES;
			};
			name = Release;
		};
		22C94FBE1B87795700D29ED0 /* Debug */ = {
			isa = XCBuildConfiguration;
			buildSettings = {
				ASSETCATALOG_COMPILER_APPICON_NAME = AppIcon;
				FRAMEWORK_SEARCH_PATHS = (
					"$(inherited)",
					"$(SRCROOT)/../..",
				);
				INFOPLIST_FILE = DynamicPOIMarkers/Info.plist;
				IPHONEOS_DEPLOYMENT_TARGET = 8.0;
				LD_RUNPATH_SEARCH_PATHS = "$(inherited) @executable_path/Frameworks";
				PRODUCT_NAME = "$(TARGET_NAME)";
				TARGETED_DEVICE_FAMILY = "1,2";
			};
			name = Debug;
		};
		22C94FBF1B87795700D29ED0 /* Release */ = {
			isa = XCBuildConfiguration;
			buildSettings = {
				ASSETCATALOG_COMPILER_APPICON_NAME = AppIcon;
				FRAMEWORK_SEARCH_PATHS = (
					"$(inherited)",
					"$(SRCROOT)/../..",
				);
				INFOPLIST_FILE = DynamicPOIMarkers/Info.plist;
				IPHONEOS_DEPLOYMENT_TARGET = 8.0;
				LD_RUNPATH_SEARCH_PATHS = "$(inherited) @executable_path/Frameworks";
				PRODUCT_NAME = "$(TARGET_NAME)";
				TARGETED_DEVICE_FAMILY = "1,2";
			};
			name = Release;
		};
		22C94FC11B87795700D29ED0 /* Debug */ = {
			isa = XCBuildConfiguration;
			buildSettings = {
				BUNDLE_LOADER = "$(TEST_HOST)";
				FRAMEWORK_SEARCH_PATHS = (
					"$(SDKROOT)/Developer/Library/Frameworks",
					"$(inherited)",
				);
				GCC_PREPROCESSOR_DEFINITIONS = (
					"DEBUG=1",
					"$(inherited)",
				);
				INFOPLIST_FILE = DynamicPOIMarkersTests/Info.plist;
				LD_RUNPATH_SEARCH_PATHS = "$(inherited) @executable_path/Frameworks @loader_path/Frameworks";
				PRODUCT_NAME = "$(TARGET_NAME)";
				TEST_HOST = "$(BUILT_PRODUCTS_DIR)/DynamicPOIMarkers.app/DynamicPOIMarkers";
			};
			name = Debug;
		};
		22C94FC21B87795700D29ED0 /* Release */ = {
			isa = XCBuildConfiguration;
			buildSettings = {
				BUNDLE_LOADER = "$(TEST_HOST)";
				FRAMEWORK_SEARCH_PATHS = (
					"$(SDKROOT)/Developer/Library/Frameworks",
					"$(inherited)",
				);
				INFOPLIST_FILE = DynamicPOIMarkersTests/Info.plist;
				LD_RUNPATH_SEARCH_PATHS = "$(inherited) @executable_path/Frameworks @loader_path/Frameworks";
				PRODUCT_NAME = "$(TARGET_NAME)";
				TEST_HOST = "$(BUILT_PRODUCTS_DIR)/DynamicPOIMarkers.app/DynamicPOIMarkers";
			};
			name = Release;
		};
/* End XCBuildConfiguration section */

/* Begin XCConfigurationList section */
		22C94F951B87795700D29ED0 /* Build configuration list for PBXProject "DynamicPOIMarkers" */ = {
			isa = XCConfigurationList;
			buildConfigurations = (
				22C94FBB1B87795700D29ED0 /* Debug */,
				22C94FBC1B87795700D29ED0 /* Release */,
			);
			defaultConfigurationIsVisible = 0;
			defaultConfigurationName = Release;
		};
		22C94FBD1B87795700D29ED0 /* Build configuration list for PBXNativeTarget "DynamicPOIMarkers" */ = {
			isa = XCConfigurationList;
			buildConfigurations = (
				22C94FBE1B87795700D29ED0 /* Debug */,
				22C94FBF1B87795700D29ED0 /* Release */,
			);
			defaultConfigurationIsVisible = 0;
			defaultConfigurationName = Release;
		};
		22C94FC01B87795700D29ED0 /* Build configuration list for PBXNativeTarget "DynamicPOIMarkersTests" */ = {
			isa = XCConfigurationList;
			buildConfigurations = (
				22C94FC11B87795700D29ED0 /* Debug */,
				22C94FC21B87795700D29ED0 /* Release */,
			);
			defaultConfigurationIsVisible = 0;
			defaultConfigurationName = Release;
		};
/* End XCConfigurationList section */
	};
	rootObject = 22C94F921B87795700D29ED0 /* Project object */;
}
