// !$*UTF8*$!
{
	archiveVersion = 1;
	classes = {
	};
	objectVersion = 46;
	objects = {

/* Begin PBXBuildFile section */
		4CA584541C1FDC8E0065E872 /* SystemConfiguration.framework in Frameworks */ = {isa = PBXBuildFile; fileRef = 4CA584531C1FDC8E0065E872 /* SystemConfiguration.framework */; };
		7FD1EAD91AB8AB21002B831F /* LocusLabsSDK.bundle in Resources */ = {isa = PBXBuildFile; fileRef = 7FD1EAD71AB8AB21002B831F /* LocusLabsSDK.bundle */; };
		7FD1EADA1AB8AB21002B831F /* LocusLabsSDK.framework in Frameworks */ = {isa = PBXBuildFile; fileRef = 7FD1EAD81AB8AB21002B831F /* LocusLabsSDK.framework */; };
		7FE6D0B61AA60BC3008350BD /* MainViewController.m in Sources */ = {isa = PBXBuildFile; fileRef = 7FE6D0B51AA60BC3008350BD /* MainViewController.m */; };
		ECA67DF11F578A95001A8A21 /* WebKit.framework in Frameworks */ = {isa = PBXBuildFile; fileRef = ECA67DF01F578A95001A8A21 /* WebKit.framework */; };
		F77FE1B5195CFF3F007B0E16 /* InfoPlist.strings in Resources */ = {isa = PBXBuildFile; fileRef = F77FE1B3195CFF3F007B0E16 /* InfoPlist.strings */; };
		F77FE1B7195CFF3F007B0E16 /* main.m in Sources */ = {isa = PBXBuildFile; fileRef = F77FE1B6195CFF3F007B0E16 /* main.m */; };
		F77FE1BB195CFF3F007B0E16 /* AppDelegate.m in Sources */ = {isa = PBXBuildFile; fileRef = F77FE1BA195CFF3F007B0E16 /* AppDelegate.m */; };
		F77FE1BE195CFF3F007B0E16 /* Main.storyboard in Resources */ = {isa = PBXBuildFile; fileRef = F77FE1BC195CFF3F007B0E16 /* Main.storyboard */; };
		F77FE1C9195CFF3F007B0E16 /* Images.xcassets in Resources */ = {isa = PBXBuildFile; fileRef = F77FE1C8195CFF3F007B0E16 /* Images.xcassets */; };
		F77FE1DA195CFF3F007B0E16 /* InfoPlist.strings in Resources */ = {isa = PBXBuildFile; fileRef = F77FE1D8195CFF3F007B0E16 /* InfoPlist.strings */; };
		F77FE1DC195CFF3F007B0E16 /* BasicExampleTests.m in Sources */ = {isa = PBXBuildFile; fileRef = F77FE1DB195CFF3F007B0E16 /* BasicExampleTests.m */; };
/* End PBXBuildFile section */

/* Begin PBXContainerItemProxy section */
		F77FE1D3195CFF3F007B0E16 /* PBXContainerItemProxy */ = {
			isa = PBXContainerItemProxy;
			containerPortal = F77FE19F195CFF3F007B0E16 /* Project object */;
			proxyType = 1;
			remoteGlobalIDString = F77FE1A6195CFF3F007B0E16;
			remoteInfo = BasicExample;
		};
/* End PBXContainerItemProxy section */

/* Begin PBXFileReference section */
		4CA584531C1FDC8E0065E872 /* SystemConfiguration.framework */ = {isa = PBXFileReference; lastKnownFileType = wrapper.framework; name = SystemConfiguration.framework; path = System/Library/Frameworks/SystemConfiguration.framework; sourceTree = SDKROOT; };
		7FD1EAD71AB8AB21002B831F /* LocusLabsSDK.bundle */ = {isa = PBXFileReference; lastKnownFileType = "wrapper.plug-in"; name = LocusLabsSDK.bundle; path = ../../LocusLabsSDK.bundle; sourceTree = "<group>"; };
		7FD1EAD81AB8AB21002B831F /* LocusLabsSDK.framework */ = {isa = PBXFileReference; lastKnownFileType = wrapper.framework; name = LocusLabsSDK.framework; path = ../../LocusLabsSDK.framework; sourceTree = "<group>"; };
		7FE6D0B41AA60BC3008350BD /* MainViewController.h */ = {isa = PBXFileReference; fileEncoding = 4; lastKnownFileType = sourcecode.c.h; path = MainViewController.h; sourceTree = "<group>"; };
		7FE6D0B51AA60BC3008350BD /* MainViewController.m */ = {isa = PBXFileReference; fileEncoding = 4; lastKnownFileType = sourcecode.c.objc; path = MainViewController.m; sourceTree = "<group>"; };
		ECA67DF01F578A95001A8A21 /* WebKit.framework */ = {isa = PBXFileReference; lastKnownFileType = wrapper.framework; name = WebKit.framework; path = System/Library/Frameworks/WebKit.framework; sourceTree = SDKROOT; };
		F77FE1A7195CFF3F007B0E16 /* BasicExample.app */ = {isa = PBXFileReference; explicitFileType = wrapper.application; includeInIndex = 0; path = BasicExample.app; sourceTree = BUILT_PRODUCTS_DIR; };
		F77FE1B2195CFF3F007B0E16 /* BasicExample-Info.plist */ = {isa = PBXFileReference; lastKnownFileType = text.plist.xml; path = "BasicExample-Info.plist"; sourceTree = "<group>"; };
		F77FE1B4195CFF3F007B0E16 /* en */ = {isa = PBXFileReference; lastKnownFileType = text.plist.strings; name = en; path = en.lproj/InfoPlist.strings; sourceTree = "<group>"; };
		F77FE1B6195CFF3F007B0E16 /* main.m */ = {isa = PBXFileReference; lastKnownFileType = sourcecode.c.objc; path = main.m; sourceTree = "<group>"; };
		F77FE1B8195CFF3F007B0E16 /* BasicExample-Prefix.pch */ = {isa = PBXFileReference; lastKnownFileType = sourcecode.c.h; path = "BasicExample-Prefix.pch"; sourceTree = "<group>"; };
		F77FE1B9195CFF3F007B0E16 /* AppDelegate.h */ = {isa = PBXFileReference; lastKnownFileType = sourcecode.c.h; path = AppDelegate.h; sourceTree = "<group>"; };
		F77FE1BA195CFF3F007B0E16 /* AppDelegate.m */ = {isa = PBXFileReference; lastKnownFileType = sourcecode.c.objc; path = AppDelegate.m; sourceTree = "<group>"; };
		F77FE1BD195CFF3F007B0E16 /* Base */ = {isa = PBXFileReference; lastKnownFileType = file.storyboard; name = Base; path = Base.lproj/Main.storyboard; sourceTree = "<group>"; };
		F77FE1C8195CFF3F007B0E16 /* Images.xcassets */ = {isa = PBXFileReference; lastKnownFileType = folder.assetcatalog; path = Images.xcassets; sourceTree = "<group>"; };
		F77FE1CE195CFF3F007B0E16 /* BasicExampleTests.xctest */ = {isa = PBXFileReference; explicitFileType = wrapper.cfbundle; includeInIndex = 0; path = BasicExampleTests.xctest; sourceTree = BUILT_PRODUCTS_DIR; };
		F77FE1D7195CFF3F007B0E16 /* BasicExampleTests-Info.plist */ = {isa = PBXFileReference; lastKnownFileType = text.plist.xml; path = "BasicExampleTests-Info.plist"; sourceTree = "<group>"; };
		F77FE1D9195CFF3F007B0E16 /* en */ = {isa = PBXFileReference; lastKnownFileType = text.plist.strings; name = en; path = en.lproj/InfoPlist.strings; sourceTree = "<group>"; };
		F77FE1DB195CFF3F007B0E16 /* BasicExampleTests.m */ = {isa = PBXFileReference; lastKnownFileType = sourcecode.c.objc; path = BasicExampleTests.m; sourceTree = "<group>"; };
/* End PBXFileReference section */

/* Begin PBXFrameworksBuildPhase section */
		F77FE1A4195CFF3F007B0E16 /* Frameworks */ = {
			isa = PBXFrameworksBuildPhase;
			buildActionMask = 2147483647;
			files = (
				ECA67DF11F578A95001A8A21 /* WebKit.framework in Frameworks */,
				4CA584541C1FDC8E0065E872 /* SystemConfiguration.framework in Frameworks */,
				7FD1EADA1AB8AB21002B831F /* LocusLabsSDK.framework in Frameworks */,
			);
			runOnlyForDeploymentPostprocessing = 0;
		};
		F77FE1CB195CFF3F007B0E16 /* Frameworks */ = {
			isa = PBXFrameworksBuildPhase;
			buildActionMask = 2147483647;
			files = (
			);
			runOnlyForDeploymentPostprocessing = 0;
		};
/* End PBXFrameworksBuildPhase section */

/* Begin PBXGroup section */
		7FE6D0C01AA60D31008350BD /* Documentation */ = {
			isa = PBXGroup;
			children = (
			);
			name = Documentation;
			sourceTree = "<group>";
		};
		F77FE19E195CFF3F007B0E16 = {
			isa = PBXGroup;
			children = (
				F77FE1B0195CFF3F007B0E16 /* BasicExample */,
				F77FE1D5195CFF3F007B0E16 /* BasicExampleTests */,
				F77FE1A9195CFF3F007B0E16 /* Frameworks */,
				F77FE1A8195CFF3F007B0E16 /* Products */,
			);
			sourceTree = "<group>";
		};
		F77FE1A8195CFF3F007B0E16 /* Products */ = {
			isa = PBXGroup;
			children = (
				F77FE1A7195CFF3F007B0E16 /* BasicExample.app */,
				F77FE1CE195CFF3F007B0E16 /* BasicExampleTests.xctest */,
			);
			name = Products;
			sourceTree = "<group>";
		};
		F77FE1A9195CFF3F007B0E16 /* Frameworks */ = {
			isa = PBXGroup;
			children = (
				ECA67DF01F578A95001A8A21 /* WebKit.framework */,
				4CA584531C1FDC8E0065E872 /* SystemConfiguration.framework */,
				7FD1EAD71AB8AB21002B831F /* LocusLabsSDK.bundle */,
				7FD1EAD81AB8AB21002B831F /* LocusLabsSDK.framework */,
			);
			name = Frameworks;
			sourceTree = "<group>";
		};
		F77FE1B0195CFF3F007B0E16 /* BasicExample */ = {
			isa = PBXGroup;
			children = (
				7FE6D0C01AA60D31008350BD /* Documentation */,
				F77FE1B9195CFF3F007B0E16 /* AppDelegate.h */,
				F77FE1BA195CFF3F007B0E16 /* AppDelegate.m */,
				F77FE1C8195CFF3F007B0E16 /* Images.xcassets */,
				F77FE1BC195CFF3F007B0E16 /* Main.storyboard */,
				7FE6D0B41AA60BC3008350BD /* MainViewController.h */,
				7FE6D0B51AA60BC3008350BD /* MainViewController.m */,
				F77FE1B1195CFF3F007B0E16 /* Supporting Files */,
			);
			path = BasicExample;
			sourceTree = "<group>";
		};
		F77FE1B1195CFF3F007B0E16 /* Supporting Files */ = {
			isa = PBXGroup;
			children = (
				F77FE1B2195CFF3F007B0E16 /* BasicExample-Info.plist */,
				F77FE1B3195CFF3F007B0E16 /* InfoPlist.strings */,
				F77FE1B6195CFF3F007B0E16 /* main.m */,
				F77FE1B8195CFF3F007B0E16 /* BasicExample-Prefix.pch */,
			);
			name = "Supporting Files";
			sourceTree = "<group>";
		};
		F77FE1D5195CFF3F007B0E16 /* BasicExampleTests */ = {
			isa = PBXGroup;
			children = (
				F77FE1DB195CFF3F007B0E16 /* BasicExampleTests.m */,
				F77FE1D6195CFF3F007B0E16 /* Supporting Files */,
			);
			path = BasicExampleTests;
			sourceTree = "<group>";
		};
		F77FE1D6195CFF3F007B0E16 /* Supporting Files */ = {
			isa = PBXGroup;
			children = (
				F77FE1D7195CFF3F007B0E16 /* BasicExampleTests-Info.plist */,
				F77FE1D8195CFF3F007B0E16 /* InfoPlist.strings */,
			);
			name = "Supporting Files";
			sourceTree = "<group>";
		};
/* End PBXGroup section */

/* Begin PBXNativeTarget section */
		F77FE1A6195CFF3F007B0E16 /* BasicExample */ = {
			isa = PBXNativeTarget;
			buildConfigurationList = F77FE1DF195CFF3F007B0E16 /* Build configuration list for PBXNativeTarget "BasicExample" */;
			buildPhases = (
				F77FE1A3195CFF3F007B0E16 /* Sources */,
				F77FE1A4195CFF3F007B0E16 /* Frameworks */,
				F77FE1A5195CFF3F007B0E16 /* Resources */,
			);
			buildRules = (
			);
			dependencies = (
			);
			name = BasicExample;
			productName = BasicExample;
			productReference = F77FE1A7195CFF3F007B0E16 /* BasicExample.app */;
			productType = "com.apple.product-type.application";
		};
		F77FE1CD195CFF3F007B0E16 /* BasicExampleTests */ = {
			isa = PBXNativeTarget;
			buildConfigurationList = F77FE1E2195CFF3F007B0E16 /* Build configuration list for PBXNativeTarget "BasicExampleTests" */;
			buildPhases = (
				F77FE1CA195CFF3F007B0E16 /* Sources */,
				F77FE1CB195CFF3F007B0E16 /* Frameworks */,
				F77FE1CC195CFF3F007B0E16 /* Resources */,
			);
			buildRules = (
			);
			dependencies = (
				F77FE1D4195CFF3F007B0E16 /* PBXTargetDependency */,
			);
			name = BasicExampleTests;
			productName = BasicExampleTests;
			productReference = F77FE1CE195CFF3F007B0E16 /* BasicExampleTests.xctest */;
			productType = "com.apple.product-type.bundle.unit-test";
		};
/* End PBXNativeTarget section */

/* Begin PBXProject section */
		F77FE19F195CFF3F007B0E16 /* Project object */ = {
			isa = PBXProject;
			attributes = {
				LastUpgradeCheck = 0510;
				ORGANIZATIONNAME = LocusLabs;
				TargetAttributes = {
					F77FE1CD195CFF3F007B0E16 = {
						TestTargetID = F77FE1A6195CFF3F007B0E16;
					};
				};
			};
			buildConfigurationList = F77FE1A2195CFF3F007B0E16 /* Build configuration list for PBXProject "BasicExample" */;
			compatibilityVersion = "Xcode 3.2";
			developmentRegion = English;
			hasScannedForEncodings = 0;
			knownRegions = (
				en,
				Base,
			);
			mainGroup = F77FE19E195CFF3F007B0E16;
			productRefGroup = F77FE1A8195CFF3F007B0E16 /* Products */;
			projectDirPath = "";
			projectRoot = "";
			targets = (
				F77FE1A6195CFF3F007B0E16 /* BasicExample */,
				F77FE1CD195CFF3F007B0E16 /* BasicExampleTests */,
			);
		};
/* End PBXProject section */

/* Begin PBXResourcesBuildPhase section */
		F77FE1A5195CFF3F007B0E16 /* Resources */ = {
			isa = PBXResourcesBuildPhase;
			buildActionMask = 2147483647;
			files = (
				F77FE1C9195CFF3F007B0E16 /* Images.xcassets in Resources */,
				7FD1EAD91AB8AB21002B831F /* LocusLabsSDK.bundle in Resources */,
				F77FE1BE195CFF3F007B0E16 /* Main.storyboard in Resources */,
				F77FE1B5195CFF3F007B0E16 /* InfoPlist.strings in Resources */,
			);
			runOnlyForDeploymentPostprocessing = 0;
		};
		F77FE1CC195CFF3F007B0E16 /* Resources */ = {
			isa = PBXResourcesBuildPhase;
			buildActionMask = 2147483647;
			files = (
				F77FE1DA195CFF3F007B0E16 /* InfoPlist.strings in Resources */,
			);
			runOnlyForDeploymentPostprocessing = 0;
		};
/* End PBXResourcesBuildPhase section */

/* Begin PBXSourcesBuildPhase section */
		F77FE1A3195CFF3F007B0E16 /* Sources */ = {
			isa = PBXSourcesBuildPhase;
			buildActionMask = 2147483647;
			files = (
				F77FE1BB195CFF3F007B0E16 /* AppDelegate.m in Sources */,
				F77FE1B7195CFF3F007B0E16 /* main.m in Sources */,
				7FE6D0B61AA60BC3008350BD /* MainViewController.m in Sources */,
			);
			runOnlyForDeploymentPostprocessing = 0;
		};
		F77FE1CA195CFF3F007B0E16 /* Sources */ = {
			isa = PBXSourcesBuildPhase;
			buildActionMask = 2147483647;
			files = (
				F77FE1DC195CFF3F007B0E16 /* BasicExampleTests.m in Sources */,
			);
			runOnlyForDeploymentPostprocessing = 0;
		};
/* End PBXSourcesBuildPhase section */

/* Begin PBXTargetDependency section */
		F77FE1D4195CFF3F007B0E16 /* PBXTargetDependency */ = {
			isa = PBXTargetDependency;
			target = F77FE1A6195CFF3F007B0E16 /* BasicExample */;
			targetProxy = F77FE1D3195CFF3F007B0E16 /* PBXContainerItemProxy */;
		};
/* End PBXTargetDependency section */

/* Begin PBXVariantGroup section */
		F77FE1B3195CFF3F007B0E16 /* InfoPlist.strings */ = {
			isa = PBXVariantGroup;
			children = (
				F77FE1B4195CFF3F007B0E16 /* en */,
			);
			name = InfoPlist.strings;
			sourceTree = "<group>";
		};
		F77FE1BC195CFF3F007B0E16 /* Main.storyboard */ = {
			isa = PBXVariantGroup;
			children = (
				F77FE1BD195CFF3F007B0E16 /* Base */,
			);
			name = Main.storyboard;
			sourceTree = "<group>";
		};
		F77FE1D8195CFF3F007B0E16 /* InfoPlist.strings */ = {
			isa = PBXVariantGroup;
			children = (
				F77FE1D9195CFF3F007B0E16 /* en */,
			);
			name = InfoPlist.strings;
			sourceTree = "<group>";
		};
/* End PBXVariantGroup section */

/* Begin XCBuildConfiguration section */
		F77FE1DD195CFF3F007B0E16 /* Debug */ = {
			isa = XCBuildConfiguration;
			buildSettings = {
				ALWAYS_SEARCH_USER_PATHS = NO;
				CLANG_CXX_LANGUAGE_STANDARD = "gnu++0x";
				CLANG_CXX_LIBRARY = "libc++";
				CLANG_ENABLE_MODULES = YES;
				CLANG_ENABLE_OBJC_ARC = YES;
				CLANG_WARN_BOOL_CONVERSION = YES;
				CLANG_WARN_CONSTANT_CONVERSION = YES;
				CLANG_WARN_DIRECT_OBJC_ISA_USAGE = YES_ERROR;
				CLANG_WARN_EMPTY_BODY = YES;
				CLANG_WARN_ENUM_CONVERSION = YES;
				CLANG_WARN_INT_CONVERSION = YES;
				CLANG_WARN_OBJC_ROOT_CLASS = YES_ERROR;
				CLANG_WARN__DUPLICATE_METHOD_MATCH = YES;
				"CODE_SIGN_IDENTITY[sdk=iphoneos*]" = "iPhone Developer";
				COPY_PHASE_STRIP = NO;
				GCC_C_LANGUAGE_STANDARD = gnu99;
				GCC_DYNAMIC_NO_PIC = NO;
				GCC_OPTIMIZATION_LEVEL = 0;
				GCC_PREPROCESSOR_DEFINITIONS = (
					"DEBUG=1",
					"$(inherited)",
				);
				GCC_SYMBOLS_PRIVATE_EXTERN = NO;
				GCC_WARN_64_TO_32_BIT_CONVERSION = YES;
				GCC_WARN_ABOUT_RETURN_TYPE = YES_ERROR;
				GCC_WARN_UNDECLARED_SELECTOR = YES;
				GCC_WARN_UNINITIALIZED_AUTOS = YES_AGGRESSIVE;
				GCC_WARN_UNUSED_FUNCTION = YES;
				GCC_WARN_UNUSED_VARIABLE = YES;
				IPHONEOS_DEPLOYMENT_TARGET = 8.0;
				ONLY_ACTIVE_ARCH = YES;
				SDKROOT = iphoneos;
				TARGETED_DEVICE_FAMILY = "1,2";
			};
			name = Debug;
		};
		F77FE1DE195CFF3F007B0E16 /* Release */ = {
			isa = XCBuildConfiguration;
			buildSettings = {
				ALWAYS_SEARCH_USER_PATHS = NO;
				CLANG_CXX_LANGUAGE_STANDARD = "gnu++0x";
				CLANG_CXX_LIBRARY = "libc++";
				CLANG_ENABLE_MODULES = YES;
				CLANG_ENABLE_OBJC_ARC = YES;
				CLANG_WARN_BOOL_CONVERSION = YES;
				CLANG_WARN_CONSTANT_CONVERSION = YES;
				CLANG_WARN_DIRECT_OBJC_ISA_USAGE = YES_ERROR;
				CLANG_WARN_EMPTY_BODY = YES;
				CLANG_WARN_ENUM_CONVERSION = YES;
				CLANG_WARN_INT_CONVERSION = YES;
				CLANG_WARN_OBJC_ROOT_CLASS = YES_ERROR;
				CLANG_WARN__DUPLICATE_METHOD_MATCH = YES;
				"CODE_SIGN_IDENTITY[sdk=iphoneos*]" = "iPhone Developer";
				COPY_PHASE_STRIP = YES;
				ENABLE_NS_ASSERTIONS = NO;
				GCC_C_LANGUAGE_STANDARD = gnu99;
				GCC_WARN_64_TO_32_BIT_CONVERSION = YES;
				GCC_WARN_ABOUT_RETURN_TYPE = YES_ERROR;
				GCC_WARN_UNDECLARED_SELECTOR = YES;
				GCC_WARN_UNINITIALIZED_AUTOS = YES_AGGRESSIVE;
				GCC_WARN_UNUSED_FUNCTION = YES;
				GCC_WARN_UNUSED_VARIABLE = YES;
				IPHONEOS_DEPLOYMENT_TARGET = 8.0;
				SDKROOT = iphoneos;
				TARGETED_DEVICE_FAMILY = "1,2";
				VALIDATE_PRODUCT = YES;
			};
			name = Release;
		};
		F77FE1E0195CFF3F007B0E16 /* Debug */ = {
			isa = XCBuildConfiguration;
			buildSettings = {
				ASSETCATALOG_COMPILER_APPICON_NAME = AppIcon;
				ASSETCATALOG_COMPILER_LAUNCHIMAGE_NAME = LaunchImage;
				FRAMEWORK_SEARCH_PATHS = (
					"$(inherited)",
					"$(SRCROOT)/../..",
				);
				GCC_PRECOMPILE_PREFIX_HEADER = YES;
				GCC_PREFIX_HEADER = "BasicExample/BasicExample-Prefix.pch";
				INFOPLIST_FILE = "BasicExample/BasicExample-Info.plist";
				IPHONEOS_DEPLOYMENT_TARGET = 8.0;
				PRODUCT_NAME = "$(TARGET_NAME)";
				WRAPPER_EXTENSION = app;
			};
			name = Debug;
		};
		F77FE1E1195CFF3F007B0E16 /* Release */ = {
			isa = XCBuildConfiguration;
			buildSettings = {
				ASSETCATALOG_COMPILER_APPICON_NAME = AppIcon;
				ASSETCATALOG_COMPILER_LAUNCHIMAGE_NAME = LaunchImage;
				FRAMEWORK_SEARCH_PATHS = (
					"$(inherited)",
					"$(SRCROOT)/../..",
				);
				GCC_PRECOMPILE_PREFIX_HEADER = YES;
				GCC_PREFIX_HEADER = "BasicExample/BasicExample-Prefix.pch";
				INFOPLIST_FILE = "BasicExample/BasicExample-Info.plist";
				IPHONEOS_DEPLOYMENT_TARGET = 8.0;
				PRODUCT_NAME = "$(TARGET_NAME)";
				WRAPPER_EXTENSION = app;
			};
			name = Release;
		};
		F77FE1E3195CFF3F007B0E16 /* Debug */ = {
			isa = XCBuildConfiguration;
			buildSettings = {
				BUNDLE_LOADER = "$(BUILT_PRODUCTS_DIR)/BasicExample.app/BasicExample";
				FRAMEWORK_SEARCH_PATHS = (
					"$(SDKROOT)/Developer/Library/Frameworks",
					"$(inherited)",
					"$(DEVELOPER_FRAMEWORKS_DIR)",
				);
				GCC_PRECOMPILE_PREFIX_HEADER = YES;
				GCC_PREFIX_HEADER = "BasicExample/BasicExample-Prefix.pch";
				GCC_PREPROCESSOR_DEFINITIONS = (
					"DEBUG=1",
					"$(inherited)",
				);
				INFOPLIST_FILE = "BasicExampleTests/BasicExampleTests-Info.plist";
				PRODUCT_NAME = "$(TARGET_NAME)";
				TEST_HOST = "$(BUNDLE_LOADER)";
				WRAPPER_EXTENSION = xctest;
			};
			name = Debug;
		};
		F77FE1E4195CFF3F007B0E16 /* Release */ = {
			isa = XCBuildConfiguration;
			buildSettings = {
				BUNDLE_LOADER = "$(BUILT_PRODUCTS_DIR)/BasicExample.app/BasicExample";
				FRAMEWORK_SEARCH_PATHS = (
					"$(SDKROOT)/Developer/Library/Frameworks",
					"$(inherited)",
					"$(DEVELOPER_FRAMEWORKS_DIR)",
				);
				GCC_PRECOMPILE_PREFIX_HEADER = YES;
				GCC_PREFIX_HEADER = "BasicExample/BasicExample-Prefix.pch";
				INFOPLIST_FILE = "BasicExampleTests/BasicExampleTests-Info.plist";
				PRODUCT_NAME = "$(TARGET_NAME)";
				TEST_HOST = "$(BUNDLE_LOADER)";
				WRAPPER_EXTENSION = xctest;
			};
			name = Release;
		};
/* End XCBuildConfiguration section */

/* Begin XCConfigurationList section */
		F77FE1A2195CFF3F007B0E16 /* Build configuration list for PBXProject "BasicExample" */ = {
			isa = XCConfigurationList;
			buildConfigurations = (
				F77FE1DD195CFF3F007B0E16 /* Debug */,
				F77FE1DE195CFF3F007B0E16 /* Release */,
			);
			defaultConfigurationIsVisible = 0;
			defaultConfigurationName = Release;
		};
		F77FE1DF195CFF3F007B0E16 /* Build configuration list for PBXNativeTarget "BasicExample" */ = {
			isa = XCConfigurationList;
			buildConfigurations = (
				F77FE1E0195CFF3F007B0E16 /* Debug */,
				F77FE1E1195CFF3F007B0E16 /* Release */,
			);
			defaultConfigurationIsVisible = 0;
			defaultConfigurationName = Release;
		};
		F77FE1E2195CFF3F007B0E16 /* Build configuration list for PBXNativeTarget "BasicExampleTests" */ = {
			isa = XCConfigurationList;
			buildConfigurations = (
				F77FE1E3195CFF3F007B0E16 /* Debug */,
				F77FE1E4195CFF3F007B0E16 /* Release */,
			);
			defaultConfigurationIsVisible = 0;
			defaultConfigurationName = Release;
		};
/* End XCConfigurationList section */
	};
	rootObject = F77FE19F195CFF3F007B0E16 /* Project object */;
}
